{
  "name": "test.nwnb.00",
  "version": "1.0.0",
  "lockfileVersion": 1,
  "requires": true,
  "dependencies": {
    "bluebird": {
      "version": "3.5.0",
      "resolved": "https://registry.npmjs.org/bluebird/-/bluebird-3.5.0.tgz",
      "integrity": "sha1-eRQg1/VR7qKJdFOop3ZT+WYG1nw="
    },
    "lodash": {
      "version": "4.17.4",
      "resolved": "https://registry.npmjs.org/lodash/-/lodash-4.17.4.tgz",
      "integrity": "sha1-eCA6TRwyiuHYbcpkYONptX9AVa4="
    },
    "rapscallion": {
      "version": "2.1.13",
      "resolved": "https://registry.npmjs.org/rapscallion/-/rapscallion-2.1.13.tgz",
      "integrity": "sha512-5MkRLyHHPjVfUh+DfYK/giWAv4Nm5BpyXB6CSfh5EhtEmVv5/QAqX1hfMwPYyxCyUb/hSSHIoKXQgsbqvIUvaA==",
      "requires": {
        "bluebird": "3.5.0",
        "lodash": "4.17.4"
      }
    }
  }
}
